
Microsoft Visual Studio Solution File, Format Version 12.00
# Visual Studio 14
VisualStudioVersion = 14.0.25420.1
MinimumVisualStudioVersion = 10.0.40219.1
Project("{FAE04EC0-301F-11D3-BF4B-00C04F79EFBC}") = "RobotCtrl", "RobotCtrl\RobotCtrl.csproj", "{901104EF-B07B-434F-8025-9F922D7A49A7}"
EndProject
Project("{FAE04EC0-301F-11D3-BF4B-00C04F79EFBC}") = "RobotIO", "RobotIO\RobotIO.csproj", "{FC45B64A-8133-4408-8E5C-E20121C731D2}"
EndProject
Project("{FAE04EC0-301F-11D3-BF4B-00C04F79EFBC}") = "RobotView", "RobotView\RobotView.csproj", "{D86027D9-7A87-4400-AF37-B6D3B4CF42F4}"
EndProject
Project("{FAE04EC0-301F-11D3-BF4B-00C04F79EFBC}") = "TestConsole", "TestConsole\TestConsole.csproj", "{55CB4249-7DC0-4619-B596-79BDA495E7A8}"
EndProject
Project("{FAE04EC0-301F-11D3-BF4B-00C04F79EFBC}") = "TestDrive", "TestDrive\TestDrive.csproj", "{2B4D8FCD-1B26-4825-95C4-D320B6EBC098}"
EndProject
Project("{FAE04EC0-301F-11D3-BF4B-00C04F79EFBC}") = "TestMotor", "TestMotor\TestMotor.csproj", "{2BE3B569-F60D-4604-A14E-B410AE1A5B55}"
EndProject
Global
	GlobalSection(SolutionConfigurationPlatforms) = preSolution
		Debug|Any CPU = Debug|Any CPU
		Release|Any CPU = Release|Any CPU
	EndGlobalSection
	GlobalSection(ProjectConfigurationPlatforms) = postSolution
		{901104EF-B07B-434F-8025-9F922D7A49A7}.Debug|Any CPU.ActiveCfg = Debug|Any CPU
		{901104EF-B07B-434F-8025-9F922D7A49A7}.Debug|Any CPU.Build.0 = Debug|Any CPU
		{901104EF-B07B-434F-8025-9F922D7A49A7}.Debug|Any CPU.Deploy.0 = Debug|Any CPU
		{901104EF-B07B-434F-8025-9F922D7A49A7}.Release|Any CPU.ActiveCfg = Release|Any CPU
		{901104EF-B07B-434F-8025-9F922D7A49A7}.Release|Any CPU.Build.0 = Release|Any CPU
		{901104EF-B07B-434F-8025-9F922D7A49A7}.Release|Any CPU.Deploy.0 = Release|Any CPU
		{FC45B64A-8133-4408-8E5C-E20121C731D2}.Debug|Any CPU.ActiveCfg = Debug|Any CPU
		{FC45B64A-8133-4408-8E5C-E20121C731D2}.Debug|Any CPU.Build.0 = Debug|Any CPU
		{FC45B64A-8133-4408-8E5C-E20121C731D2}.Debug|Any CPU.Deploy.0 = Debug|Any CPU
		{FC45B64A-8133-4408-8E5C-E20121C731D2}.Release|Any CPU.ActiveCfg = Release|Any CPU
		{FC45B64A-8133-4408-8E5C-E20121C731D2}.Release|Any CPU.Build.0 = Release|Any CPU
		{FC45B64A-8133-4408-8E5C-E20121C731D2}.Release|Any CPU.Deploy.0 = Release|Any CPU
		{D86027D9-7A87-4400-AF37-B6D3B4CF42F4}.Debug|Any CPU.ActiveCfg = Debug|Any CPU
		{D86027D9-7A87-4400-AF37-B6D3B4CF42F4}.Debug|Any CPU.Build.0 = Debug|Any CPU
		{D86027D9-7A87-4400-AF37-B6D3B4CF42F4}.Debug|Any CPU.Deploy.0 = Debug|Any CPU
		{D86027D9-7A87-4400-AF37-B6D3B4CF42F4}.Release|Any CPU.ActiveCfg = Release|Any CPU
		{D86027D9-7A87-4400-AF37-B6D3B4CF42F4}.Release|Any CPU.Build.0 = Release|Any CPU
		{D86027D9-7A87-4400-AF37-B6D3B4CF42F4}.Release|Any CPU.Deploy.0 = Release|Any CPU
		{55CB4249-7DC0-4619-B596-79BDA495E7A8}.Debug|Any CPU.ActiveCfg = Debug|Any CPU
		{55CB4249-7DC0-4619-B596-79BDA495E7A8}.Debug|Any CPU.Build.0 = Debug|Any CPU
		{55CB4249-7DC0-4619-B596-79BDA495E7A8}.Debug|Any CPU.Deploy.0 = Debug|Any CPU
		{55CB4249-7DC0-4619-B596-79BDA495E7A8}.Release|Any CPU.ActiveCfg = Release|Any CPU
		{55CB4249-7DC0-4619-B596-79BDA495E7A8}.Release|Any CPU.Build.0 = Release|Any CPU
		{55CB4249-7DC0-4619-B596-79BDA495E7A8}.Release|Any CPU.Deploy.0 = Release|Any CPU
		{2B4D8FCD-1B26-4825-95C4-D320B6EBC098}.Debug|Any CPU.ActiveCfg = Debug|Any CPU
		{2B4D8FCD-1B26-4825-95C4-D320B6EBC098}.Debug|Any CPU.Build.0 = Debug|Any CPU
		{2B4D8FCD-1B26-4825-95C4-D320B6EBC098}.Debug|Any CPU.Deploy.0 = Debug|Any CPU
		{2B4D8FCD-1B26-4825-95C4-D320B6EBC098}.Release|Any CPU.ActiveCfg = Release|Any CPU
		{2B4D8FCD-1B26-4825-95C4-D320B6EBC098}.Release|Any CPU.Build.0 = Release|Any CPU
		{2B4D8FCD-1B26-4825-95C4-D320B6EBC098}.Release|Any CPU.Deploy.0 = Release|Any CPU
		{2BE3B569-F60D-4604-A14E-B410AE1A5B55}.Debug|Any CPU.ActiveCfg = Debug|Any CPU
		{2BE3B569-F60D-4604-A14E-B410AE1A5B55}.Debug|Any CPU.Build.0 = Debug|Any CPU
		{2BE3B569-F60D-4604-A14E-B410AE1A5B55}.Debug|Any CPU.Deploy.0 = Debug|Any CPU
		{2BE3B569-F60D-4604-A14E-B410AE1A5B55}.Release|Any CPU.ActiveCfg = Release|Any CPU
		{2BE3B569-F60D-4604-A14E-B410AE1A5B55}.Release|Any CPU.Build.0 = Release|Any CPU
		{2BE3B569-F60D-4604-A14E-B410AE1A5B55}.Release|Any CPU.Deploy.0 = Release|Any CPU
	EndGlobalSection
	GlobalSection(SolutionProperties) = preSolution
		HideSolutionNode = FALSE
	EndGlobalSection
EndGlobal
